
Microsoft Visual Studio Solution File, Format Version 12.00
# Visual Studio Version 16
VisualStudioVersion = 16.0.29424.173
MinimumVisualStudioVersion = 10.0.40219.1
Project("{FAE04EC0-301F-11D3-BF4B-00C04F79EFBC}") = "ch7-classes", "ch7-classes\ch7-classes.csproj", "{D372232E-E98E-4436-895C-0CF62EFFF1C6}"
EndProject
Global
	GlobalSection(SolutionConfigurationPlatforms) = preSolution
		Debug|Any CPU = Debug|Any CPU
		Release|Any CPU = Release|Any CPU
	EndGlobalSection
	GlobalSection(ProjectConfigurationPlatforms) = postSolution
		{D372232E-E98E-4436-895C-0CF62EFFF1C6}.Debug|Any CPU.ActiveCfg = Debug|Any CPU
		{D372232E-E98E-4436-895C-0CF62EFFF1C6}.Debug|Any CPU.Build.0 = Debug|Any CPU
		{D372232E-E98E-4436-895C-0CF62EFFF1C6}.Release|Any CPU.ActiveCfg = Release|Any CPU
		{D372232E-E98E-4436-895C-0CF62EFFF1C6}.Release|Any CPU.Build.0 = Release|Any CPU
	EndGlobalSection
	GlobalSection(SolutionProperties) = preSolution
		HideSolutionNode = FALSE
	EndGlobalSection
	GlobalSection(ExtensibilityGlobals) = postSolution
		SolutionGuid = {91D796BD-44FD-4A24-9041-12BE216B0C2E}
	EndGlobalSection
EndGlobal
