
Microsoft Visual Studio Solution File, Format Version 12.00
# Visual Studio Version 16
VisualStudioVersion = 16.0.29424.173
MinimumVisualStudioVersion = 10.0.40219.1
Project("{FAE04EC0-301F-11D3-BF4B-00C04F79EFBC}") = "hello-world", "hello-world\hello-world.csproj", "{B2E50F1D-4A7F-4503-9FC3-6673291C3211}"
EndProject
Global
	GlobalSection(SolutionConfigurationPlatforms) = preSolution
		Debug|Any CPU = Debug|Any CPU
		Release|Any CPU = Release|Any CPU
	EndGlobalSection
	GlobalSection(ProjectConfigurationPlatforms) = postSolution
		{B2E50F1D-4A7F-4503-9FC3-6673291C3211}.Debug|Any CPU.ActiveCfg = Debug|Any CPU
		{B2E50F1D-4A7F-4503-9FC3-6673291C3211}.Debug|Any CPU.Build.0 = Debug|Any CPU
		{B2E50F1D-4A7F-4503-9FC3-6673291C3211}.Release|Any CPU.ActiveCfg = Release|Any CPU
		{B2E50F1D-4A7F-4503-9FC3-6673291C3211}.Release|Any CPU.Build.0 = Release|Any CPU
	EndGlobalSection
	GlobalSection(SolutionProperties) = preSolution
		HideSolutionNode = FALSE
	EndGlobalSection
	GlobalSection(ExtensibilityGlobals) = postSolution
		SolutionGuid = {5D1B2FF5-183D-40FB-82A8-4C4EE9C4F049}
	EndGlobalSection
EndGlobal
